// !$*UTF8*$!
{
	archiveVersion = 1;
	classes = {
	};
	objectVersion = 50;
	objects = {

/* Begin PBXBuildFile section */
		C70E8A032343A94000632217 /* AppDelegate.swift in Sources */ = {isa = PBXBuildFile; fileRef = C70E8A022343A94000632217 /* AppDelegate.swift */; };
		C70E8A052343A94000632217 /* SceneDelegate.swift in Sources */ = {isa = PBXBuildFile; fileRef = C70E8A042343A94000632217 /* SceneDelegate.swift */; };
		C70E8A072343A94000632217 /* ViewController.swift in Sources */ = {isa = PBXBuildFile; fileRef = C70E8A062343A94000632217 /* ViewController.swift */; };
		C70E8A0A2343A94000632217 /* Main.storyboard in Resources */ = {isa = PBXBuildFile; fileRef = C70E8A082343A94000632217 /* Main.storyboard */; };
		C70E8A0C2343A94000632217 /* Assets.xcassets in Resources */ = {isa = PBXBuildFile; fileRef = C70E8A0B2343A94000632217 /* Assets.xcassets */; };
		C70E8A0F2343A94000632217 /* LaunchScreen.storyboard in Resources */ = {isa = PBXBuildFile; fileRef = C70E8A0D2343A94000632217 /* LaunchScreen.storyboard */; };
		C70E8A1A2343A94000632217 /* testTests.swift in Sources */ = {isa = PBXBuildFile; fileRef = C70E8A192343A94000632217 /* testTests.swift */; };
		C70E8A252343A94000632217 /* testUITests.swift in Sources */ = {isa = PBXBuildFile; fileRef = C70E8A242343A94000632217 /* testUITests.swift */; };
		C70E8A332343A98100632217 /* testGradient.swift in Sources */ = {isa = PBXBuildFile; fileRef = C70E8A322343A98100632217 /* testGradient.swift */; };
/* End PBXBuildFile section */

/* Begin PBXContainerItemProxy section */
		C70E8A162343A94000632217 /* PBXContainerItemProxy */ = {
			isa = PBXContainerItemProxy;
			containerPortal = C70E89F72343A94000632217 /* Project object */;
			proxyType = 1;
			remoteGlobalIDString = C70E89FE2343A94000632217;
			remoteInfo = test;
		};
		C70E8A212343A94000632217 /* PBXContainerItemProxy */ = {
			isa = PBXContainerItemProxy;
			containerPortal = C70E89F72343A94000632217 /* Project object */;
			proxyType = 1;
			remoteGlobalIDString = C70E89FE2343A94000632217;
			remoteInfo = test;
		};
/* End PBXContainerItemProxy section */

/* Begin PBXFileReference section */
		C70E89FF2343A94000632217 /* test.app */ = {isa = PBXFileReference; explicitFileType = wrapper.application; includeInIndex = 0; path = test.app; sourceTree = BUILT_PRODUCTS_DIR; };
		C70E8A022343A94000632217 /* AppDelegate.swift */ = {isa = PBXFileReference; lastKnownFileType = sourcecode.swift; path = AppDelegate.swift; sourceTree = "<group>"; };
		C70E8A042343A94000632217 /* SceneDelegate.swift */ = {isa = PBXFileReference; lastKnownFileType = sourcecode.swift; path = SceneDelegate.swift; sourceTree = "<group>"; };
		C70E8A062343A94000632217 /* ViewController.swift */ = {isa = PBXFileReference; lastKnownFileType = sourcecode.swift; path = ViewController.swift; sourceTree = "<group>"; };
		C70E8A092343A94000632217 /* Base */ = {isa = PBXFileReference; lastKnownFileType = file.storyboard; name = Base; path = Base.lproj/Main.storyboard; sourceTree = "<group>"; };
		C70E8A0B2343A94000632217 /* Assets.xcassets */ = {isa = PBXFileReference; lastKnownFileType = folder.assetcatalog; path = Assets.xcassets; sourceTree = "<group>"; };
		C70E8A0E2343A94000632217 /* Base */ = {isa = PBXFileReference; lastKnownFileType = file.storyboard; name = Base; path = Base.lproj/LaunchScreen.storyboard; sourceTree = "<group>"; };
		C70E8A102343A94000632217 /* Info.plist */ = {isa = PBXFileReference; lastKnownFileType = text.plist.xml; path = Info.plist; sourceTree = "<group>"; };
		C70E8A152343A94000632217 /* testTests.xctest */ = {isa = PBXFileReference; explicitFileType = wrapper.cfbundle; includeInIndex = 0; path = testTests.xctest; sourceTree = BUILT_PRODUCTS_DIR; };
		C70E8A192343A94000632217 /* testTests.swift */ = {isa = PBXFileReference; lastKnownFileType = sourcecode.swift; path = testTests.swift; sourceTree = "<group>"; };
		C70E8A1B2343A94000632217 /* Info.plist */ = {isa = PBXFileReference; lastKnownFileType = text.plist.xml; path = Info.plist; sourceTree = "<group>"; };
		C70E8A202343A94000632217 /* testUITests.xctest */ = {isa = PBXFileReference; explicitFileType = wrapper.cfbundle; includeInIndex = 0; path = testUITests.xctest; sourceTree = BUILT_PRODUCTS_DIR; };
		C70E8A242343A94000632217 /* testUITests.swift */ = {isa = PBXFileReference; lastKnownFileType = sourcecode.swift; path = testUITests.swift; sourceTree = "<group>"; };
		C70E8A262343A94000632217 /* Info.plist */ = {isa = PBXFileReference; lastKnownFileType = text.plist.xml; path = Info.plist; sourceTree = "<group>"; };
		C70E8A322343A98100632217 /* testGradient.swift */ = {isa = PBXFileReference; lastKnownFileType = sourcecode.swift; path = testGradient.swift; sourceTree = "<group>"; };
/* End PBXFileReference section */

/* Begin PBXFrameworksBuildPhase section */
		C70E89FC2343A94000632217 /* Frameworks */ = {
			isa = PBXFrameworksBuildPhase;
			buildActionMask = 2147483647;
			files = (
			);
			runOnlyForDeploymentPostprocessing = 0;
		};
		C70E8A122343A94000632217 /* Frameworks */ = {
			isa = PBXFrameworksBuildPhase;
			buildActionMask = 2147483647;
			files = (
			);
			runOnlyForDeploymentPostprocessing = 0;
		};
		C70E8A1D2343A94000632217 /* Frameworks */ = {
			isa = PBXFrameworksBuildPhase;
			buildActionMask = 2147483647;
			files = (
			);
			runOnlyForDeploymentPostprocessing = 0;
		};
/* End PBXFrameworksBuildPhase section */

/* Begin PBXGroup section */
		C70E89F62343A94000632217 = {
			isa = PBXGroup;
			children = (
				C70E8A012343A94000632217 /* test */,
				C70E8A182343A94000632217 /* testTests */,
				C70E8A232343A94000632217 /* testUITests */,
				C70E8A002343A94000632217 /* Products */,
			);
			sourceTree = "<group>";
		};
		C70E8A002343A94000632217 /* Products */ = {
			isa = PBXGroup;
			children = (
				C70E89FF2343A94000632217 /* test.app */,
				C70E8A152343A94000632217 /* testTests.xctest */,
				C70E8A202343A94000632217 /* testUITests.xctest */,
			);
			name = Products;
			sourceTree = "<group>";
		};
		C70E8A012343A94000632217 /* test */ = {
			isa = PBXGroup;
			children = (
				C70E8A022343A94000632217 /* AppDelegate.swift */,
				C70E8A042343A94000632217 /* SceneDelegate.swift */,
				C70E8A062343A94000632217 /* ViewController.swift */,
				C70E8A082343A94000632217 /* Main.storyboard */,
				C70E8A0B2343A94000632217 /* Assets.xcassets */,
				C70E8A0D2343A94000632217 /* LaunchScreen.storyboard */,
				C70E8A102343A94000632217 /* Info.plist */,
				C70E8A322343A98100632217 /* testGradient.swift */,
			);
			path = test;
			sourceTree = "<group>";
		};
		C70E8A182343A94000632217 /* testTests */ = {
			isa = PBXGroup;
			children = (
				C70E8A192343A94000632217 /* testTests.swift */,
				C70E8A1B2343A94000632217 /* Info.plist */,
			);
			path = testTests;
			sourceTree = "<group>";
		};
		C70E8A232343A94000632217 /* testUITests */ = {
			isa = PBXGroup;
			children = (
				C70E8A242343A94000632217 /* testUITests.swift */,
				C70E8A262343A94000632217 /* Info.plist */,
			);
			path = testUITests;
			sourceTree = "<group>";
		};
/* End PBXGroup section */

/* Begin PBXNativeTarget section */
		C70E89FE2343A94000632217 /* test */ = {
			isa = PBXNativeTarget;
			buildConfigurationList = C70E8A292343A94000632217 /* Build configuration list for PBXNativeTarget "test" */;
			buildPhases = (
				C70E89FB2343A94000632217 /* Sources */,
				C70E89FC2343A94000632217 /* Frameworks */,
				C70E89FD2343A94000632217 /* Resources */,
			);
			buildRules = (
			);
			dependencies = (
			);
			name = test;
			productName = test;
			productReference = C70E89FF2343A94000632217 /* test.app */;
			productType = "com.apple.product-type.application";
		};
		C70E8A142343A94000632217 /* testTests */ = {
			isa = PBXNativeTarget;
			buildConfigurationList = C70E8A2C2343A94000632217 /* Build configuration list for PBXNativeTarget "testTests" */;
			buildPhases = (
				C70E8A112343A94000632217 /* Sources */,
				C70E8A122343A94000632217 /* Frameworks */,
				C70E8A132343A94000632217 /* Resources */,
			);
			buildRules = (
			);
			dependencies = (
				C70E8A172343A94000632217 /* PBXTargetDependency */,
			);
			name = testTests;
			productName = testTests;
			productReference = C70E8A152343A94000632217 /* testTests.xctest */;
			productType = "com.apple.product-type.bundle.unit-test";
		};
		C70E8A1F2343A94000632217 /* testUITests */ = {
			isa = PBXNativeTarget;
			buildConfigurationList = C70E8A2F2343A94000632217 /* Build configuration list for PBXNativeTarget "testUITests" */;
			buildPhases = (
				C70E8A1C2343A94000632217 /* Sources */,
				C70E8A1D2343A94000632217 /* Frameworks */,
				C70E8A1E2343A94000632217 /* Resources */,
			);
			buildRules = (
			);
			dependencies = (
				C70E8A222343A94000632217 /* PBXTargetDependency */,
			);
			name = testUITests;
			productName = testUITests;
			productReference = C70E8A202343A94000632217 /* testUITests.xctest */;
			productType = "com.apple.product-type.bundle.ui-testing";
		};
/* End PBXNativeTarget section */

/* Begin PBXProject section */
		C70E89F72343A94000632217 /* Project object */ = {
			isa = PBXProject;
			attributes = {
				LastSwiftUpdateCheck = 1100;
				LastUpgradeCheck = 1100;
				ORGANIZATIONNAME = "Yashgur, David";
				TargetAttributes = {
					C70E89FE2343A94000632217 = {
						CreatedOnToolsVersion = 11.0;
					};
					C70E8A142343A94000632217 = {
						CreatedOnToolsVersion = 11.0;
						TestTargetID = C70E89FE2343A94000632217;
					};
					C70E8A1F2343A94000632217 = {
						CreatedOnToolsVersion = 11.0;
						TestTargetID = C70E89FE2343A94000632217;
					};
				};
			};
			buildConfigurationList = C70E89FA2343A94000632217 /* Build configuration list for PBXProject "test" */;
			compatibilityVersion = "Xcode 9.3";
			developmentRegion = en;
			hasScannedForEncodings = 0;
			knownRegions = (
				en,
				Base,
			);
			mainGroup = C70E89F62343A94000632217;
			productRefGroup = C70E8A002343A94000632217 /* Products */;
			projectDirPath = "";
			projectRoot = "";
			targets = (
				C70E89FE2343A94000632217 /* test */,
				C70E8A142343A94000632217 /* testTests */,
				C70E8A1F2343A94000632217 /* testUITests */,
			);
		};
/* End PBXProject section */

/* Begin PBXResourcesBuildPhase section */
		C70E89FD2343A94000632217 /* Resources */ = {
			isa = PBXResourcesBuildPhase;
			buildActionMask = 2147483647;
			files = (
				C70E8A0F2343A94000632217 /* LaunchScreen.storyboard in Resources */,
				C70E8A0C2343A94000632217 /* Assets.xcassets in Resources */,
				C70E8A0A2343A94000632217 /* Main.storyboard in Resources */,
			);
			runOnlyForDeploymentPostprocessing = 0;
		};
		C70E8A132343A94000632217 /* Resources */ = {
			isa = PBXResourcesBuildPhase;
			buildActionMask = 2147483647;
			files = (
			);
			runOnlyForDeploymentPostprocessing = 0;
		};
		C70E8A1E2343A94000632217 /* Resources */ = {
			isa = PBXResourcesBuildPhase;
			buildActionMask = 2147483647;
			files = (
			);
			runOnlyForDeploymentPostprocessing = 0;
		};
/* End PBXResourcesBuildPhase section */

/* Begin PBXSourcesBuildPhase section */
		C70E89FB2343A94000632217 /* Sources */ = {
			isa = PBXSourcesBuildPhase;
			buildActionMask = 2147483647;
			files = (
				C70E8A072343A94000632217 /* ViewController.swift in Sources */,
				C70E8A032343A94000632217 /* AppDelegate.swift in Sources */,
				C70E8A052343A94000632217 /* SceneDelegate.swift in Sources */,
				C70E8A332343A98100632217 /* testGradient.swift in Sources */,
			);
			runOnlyForDeploymentPostprocessing = 0;
		};
		C70E8A112343A94000632217 /* Sources */ = {
			isa = PBXSourcesBuildPhase;
			buildActionMask = 2147483647;
			files = (
				C70E8A1A2343A94000632217 /* testTests.swift in Sources */,
			);
			runOnlyForDeploymentPostprocessing = 0;
		};
		C70E8A1C2343A94000632217 /* Sources */ = {
			isa = PBXSourcesBuildPhase;
			buildActionMask = 2147483647;
			files = (
				C70E8A252343A94000632217 /* testUITests.swift in Sources */,
			);
			runOnlyForDeploymentPostprocessing = 0;
		};
/* End PBXSourcesBuildPhase section */

/* Begin PBXTargetDependency section */
		C70E8A172343A94000632217 /* PBXTargetDependency */ = {
			isa = PBXTargetDependency;
			target = C70E89FE2343A94000632217 /* test */;
			targetProxy = C70E8A162343A94000632217 /* PBXContainerItemProxy */;
		};
		C70E8A222343A94000632217 /* PBXTargetDependency */ = {
			isa = PBXTargetDependency;
			target = C70E89FE2343A94000632217 /* test */;
			targetProxy = C70E8A212343A94000632217 /* PBXContainerItemProxy */;
		};
/* End PBXTargetDependency section */

/* Begin PBXVariantGroup section */
		C70E8A082343A94000632217 /* Main.storyboard */ = {
			isa = PBXVariantGroup;
			children = (
				C70E8A092343A94000632217 /* Base */,
			);
			name = Main.storyboard;
			sourceTree = "<group>";
		};
		C70E8A0D2343A94000632217 /* LaunchScreen.storyboard */ = {
			isa = PBXVariantGroup;
			children = (
				C70E8A0E2343A94000632217 /* Base */,
			);
			name = LaunchScreen.storyboard;
			sourceTree = "<group>";
		};
/* End PBXVariantGroup section */

/* Begin XCBuildConfiguration section */
		C70E8A272343A94000632217 /* Debug */ = {
			isa = XCBuildConfiguration;
			buildSettings = {
				ALWAYS_SEARCH_USER_PATHS = NO;
				CLANG_ANALYZER_NONNULL = YES;
				CLANG_ANALYZER_NUMBER_OBJECT_CONVERSION = YES_AGGRESSIVE;
				CLANG_CXX_LANGUAGE_STANDARD = "gnu++14";
				CLANG_CXX_LIBRARY = "libc++";
				CLANG_ENABLE_MODULES = YES;
				CLANG_ENABLE_OBJC_ARC = YES;
				CLANG_ENABLE_OBJC_WEAK = YES;
				CLANG_WARN_BLOCK_CAPTURE_AUTORELEASING = YES;
				CLANG_WARN_BOOL_CONVERSION = YES;
				CLANG_WARN_COMMA = YES;
				CLANG_WARN_CONSTANT_CONVERSION = YES;
				CLANG_WARN_DEPRECATED_OBJC_IMPLEMENTATIONS = YES;
				CLANG_WARN_DIRECT_OBJC_ISA_USAGE = YES_ERROR;
				CLANG_WARN_DOCUMENTATION_COMMENTS = YES;
				CLANG_WARN_EMPTY_BODY = YES;
				CLANG_WARN_ENUM_CONVERSION = YES;
				CLANG_WARN_INFINITE_RECURSION = YES;
				CLANG_WARN_INT_CONVERSION = YES;
				CLANG_WARN_NON_LITERAL_NULL_CONVERSION = YES;
				CLANG_WARN_OBJC_IMPLICIT_RETAIN_SELF = YES;
				CLANG_WARN_OBJC_LITERAL_CONVERSION = YES;
				CLANG_WARN_OBJC_ROOT_CLASS = YES_ERROR;
				CLANG_WARN_RANGE_LOOP_ANALYSIS = YES;
				CLANG_WARN_STRICT_PROTOTYPES = YES;
				CLANG_WARN_SUSPICIOUS_MOVE = YES;
				CLANG_WARN_UNGUARDED_AVAILABILITY = YES_AGGRESSIVE;
				CLANG_WARN_UNREACHABLE_CODE = YES;
				CLANG_WARN__DUPLICATE_METHOD_MATCH = YES;
				COPY_PHASE_STRIP = NO;
				DEBUG_INFORMATION_FORMAT = dwarf;
				ENABLE_STRICT_OBJC_MSGSEND = YES;
				ENABLE_TESTABILITY = YES;
				GCC_C_LANGUAGE_STANDARD = gnu11;
				GCC_DYNAMIC_NO_PIC = NO;
				GCC_NO_COMMON_BLOCKS = YES;
				GCC_OPTIMIZATION_LEVEL = 0;
				GCC_PREPROCESSOR_DEFINITIONS = (
					"DEBUG=1",
					"$(inherited)",
				);
				GCC_WARN_64_TO_32_BIT_CONVERSION = YES;
				GCC_WARN_ABOUT_RETURN_TYPE = YES_ERROR;
				GCC_WARN_UNDECLARED_SELECTOR = YES;
				GCC_WARN_UNINITIALIZED_AUTOS = YES_AGGRESSIVE;
				GCC_WARN_UNUSED_FUNCTION = YES;
				GCC_WARN_UNUSED_VARIABLE = YES;
				IPHONEOS_DEPLOYMENT_TARGET = 13.0;
				MTL_ENABLE_DEBUG_INFO = INCLUDE_SOURCE;
				MTL_FAST_MATH = YES;
				ONLY_ACTIVE_ARCH = YES;
				SDKROOT = iphoneos;
				SWIFT_ACTIVE_COMPILATION_CONDITIONS = DEBUG;
				SWIFT_OPTIMIZATION_LEVEL = "-Onone";
			};
			name = Debug;
		};
		C70E8A282343A94000632217 /* Release */ = {
			isa = XCBuildConfiguration;
			buildSettings = {
				ALWAYS_SEARCH_USER_PATHS = NO;
				CLANG_ANALYZER_NONNULL = YES;
				CLANG_ANALYZER_NUMBER_OBJECT_CONVERSION = YES_AGGRESSIVE;
				CLANG_CXX_LANGUAGE_STANDARD = "gnu++14";
				CLANG_CXX_LIBRARY = "libc++";
				CLANG_ENABLE_MODULES = YES;
				CLANG_ENABLE_OBJC_ARC = YES;
				CLANG_ENABLE_OBJC_WEAK = YES;
				CLANG_WARN_BLOCK_CAPTURE_AUTORELEASING = YES;
				CLANG_WARN_BOOL_CONVERSION = YES;
				CLANG_WARN_COMMA = YES;
				CLANG_WARN_CONSTANT_CONVERSION = YES;
				CLANG_WARN_DEPRECATED_OBJC_IMPLEMENTATIONS = YES;
				CLANG_WARN_DIRECT_OBJC_ISA_USAGE = YES_ERROR;
				CLANG_WARN_DOCUMENTATION_COMMENTS = YES;
				CLANG_WARN_EMPTY_BODY = YES;
				CLANG_WARN_ENUM_CONVERSION = YES;
				CLANG_WARN_INFINITE_RECURSION = YES;
				CLANG_WARN_INT_CONVERSION = YES;
				CLANG_WARN_NON_LITERAL_NULL_CONVERSION = YES;
				CLANG_WARN_OBJC_IMPLICIT_RETAIN_SELF = YES;
				CLANG_WARN_OBJC_LITERAL_CONVERSION = YES;
				CLANG_WARN_OBJC_ROOT_CLASS = YES_ERROR;
				CLANG_WARN_RANGE_LOOP_ANALYSIS = YES;
				CLANG_WARN_STRICT_PROTOTYPES = YES;
				CLANG_WARN_SUSPICIOUS_MOVE = YES;
				CLANG_WARN_UNGUARDED_AVAILABILITY = YES_AGGRESSIVE;
				CLANG_WARN_UNREACHABLE_CODE = YES;
				CLANG_WARN__DUPLICATE_METHOD_MATCH = YES;
				COPY_PHASE_STRIP = NO;
				DEBUG_INFORMATION_FORMAT = "dwarf-with-dsym";
				ENABLE_NS_ASSERTIONS = NO;
				ENABLE_STRICT_OBJC_MSGSEND = YES;
				GCC_C_LANGUAGE_STANDARD = gnu11;
				GCC_NO_COMMON_BLOCKS = YES;
				GCC_WARN_64_TO_32_BIT_CONVERSION = YES;
				GCC_WARN_ABOUT_RETURN_TYPE = YES_ERROR;
				GCC_WARN_UNDECLARED_SELECTOR = YES;
				GCC_WARN_UNINITIALIZED_AUTOS = YES_AGGRESSIVE;
				GCC_WARN_UNUSED_FUNCTION = YES;
				GCC_WARN_UNUSED_VARIABLE = YES;
				IPHONEOS_DEPLOYMENT_TARGET = 13.0;
				MTL_ENABLE_DEBUG_INFO = NO;
				MTL_FAST_MATH = YES;
				SDKROOT = iphoneos;
				SWIFT_COMPILATION_MODE = wholemodule;
				SWIFT_OPTIMIZATION_LEVEL = "-O";
				VALIDATE_PRODUCT = YES;
			};
			name = Release;
		};
		C70E8A2A2343A94000632217 /* Debug */ = {
			isa = XCBuildConfiguration;
			buildSettings = {
				ASSETCATALOG_COMPILER_APPICON_NAME = AppIcon;
				CODE_SIGN_STYLE = Automatic;
				DEVELOPMENT_TEAM = 9XRS6BVHY5;
				INFOPLIST_FILE = test/Info.plist;
				LD_RUNPATH_SEARCH_PATHS = (
					"$(inherited)",
					"@executable_path/Frameworks",
				);
				PRODUCT_BUNDLE_IDENTIFIER = davyash.test;
				PRODUCT_NAME = "$(TARGET_NAME)";
				SWIFT_VERSION = 5.0;
				TARGETED_DEVICE_FAMILY = "1,2";
			};
			name = Debug;
		};
		C70E8A2B2343A94000632217 /* Release */ = {
			isa = XCBuildConfiguration;
			buildSettings = {
				ASSETCATALOG_COMPILER_APPICON_NAME = AppIcon;
				CODE_SIGN_STYLE = Automatic;
				DEVELOPMENT_TEAM = 9XRS6BVHY5;
				INFOPLIST_FILE = test/Info.plist;
				LD_RUNPATH_SEARCH_PATHS = (
					"$(inherited)",
					"@executable_path/Frameworks",
				);
				PRODUCT_BUNDLE_IDENTIFIER = davyash.test;
				PRODUCT_NAME = "$(TARGET_NAME)";
				SWIFT_VERSION = 5.0;
				TARGETED_DEVICE_FAMILY = "1,2";
			};
			name = Release;
		};
		C70E8A2D2343A94000632217 /* Debug */ = {
			isa = XCBuildConfiguration;
			buildSettings = {
				ALWAYS_EMBED_SWIFT_STANDARD_LIBRARIES = YES;
				BUNDLE_LOADER = "$(TEST_HOST)";
				CODE_SIGN_STYLE = Automatic;
				INFOPLIST_FILE = testTests/Info.plist;
				IPHONEOS_DEPLOYMENT_TARGET = 13.0;
				LD_RUNPATH_SEARCH_PATHS = (
					"$(inherited)",
					"@executable_path/Frameworks",
					"@loader_path/Frameworks",
				);
				PRODUCT_BUNDLE_IDENTIFIER = davyash.testTests;
				PRODUCT_NAME = "$(TARGET_NAME)";
				SWIFT_VERSION = 5.0;
				TARGETED_DEVICE_FAMILY = "1,2";
				TEST_HOST = "$(BUILT_PRODUCTS_DIR)/test.app/test";
			};
			name = Debug;
		};
		C70E8A2E2343A94000632217 /* Release */ = {
			isa = XCBuildConfiguration;
			buildSettings = {
				ALWAYS_EMBED_SWIFT_STANDARD_LIBRARIES = YES;
				BUNDLE_LOADER = "$(TEST_HOST)";
				CODE_SIGN_STYLE = Automatic;
				INFOPLIST_FILE = testTests/Info.plist;
				IPHONEOS_DEPLOYMENT_TARGET = 13.0;
				LD_RUNPATH_SEARCH_PATHS = (
					"$(inherited)",
					"@executable_path/Frameworks",
					"@loader_path/Frameworks",
				);
				PRODUCT_BUNDLE_IDENTIFIER = davyash.testTests;
				PRODUCT_NAME = "$(TARGET_NAME)";
				SWIFT_VERSION = 5.0;
				TARGETED_DEVICE_FAMILY = "1,2";
				TEST_HOST = "$(BUILT_PRODUCTS_DIR)/test.app/test";
			};
			name = Release;
		};
		C70E8A302343A94000632217 /* Debug */ = {
			isa = XCBuildConfiguration;
			buildSettings = {
				ALWAYS_EMBED_SWIFT_STANDARD_LIBRARIES = YES;
				CODE_SIGN_STYLE = Automatic;
				INFOPLIST_FILE = testUITests/Info.plist;
				LD_RUNPATH_SEARCH_PATHS = (
					"$(inherited)",
					"@executable_path/Frameworks",
					"@loader_path/Frameworks",
				);
				PRODUCT_BUNDLE_IDENTIFIER = davyash.testUITests;
				PRODUCT_NAME = "$(TARGET_NAME)";
				SWIFT_VERSION = 5.0;
				TARGETED_DEVICE_FAMILY = "1,2";
				TEST_TARGET_NAME = test;
			};
			name = Debug;
		};
		C70E8A312343A94000632217 /* Release */ = {
			isa = XCBuildConfiguration;
			buildSettings = {
				ALWAYS_EMBED_SWIFT_STANDARD_LIBRARIES = YES;
				CODE_SIGN_STYLE = Automatic;
				INFOPLIST_FILE = testUITests/Info.plist;
				LD_RUNPATH_SEARCH_PATHS = (
					"$(inherited)",
					"@executable_path/Frameworks",
					"@loader_path/Frameworks",
				);
				PRODUCT_BUNDLE_IDENTIFIER = davyash.testUITests;
				PRODUCT_NAME = "$(TARGET_NAME)";
				SWIFT_VERSION = 5.0;
				TARGETED_DEVICE_FAMILY = "1,2";
				TEST_TARGET_NAME = test;
			};
			name = Release;
		};
/* End XCBuildConfiguration section */

/* Begin XCConfigurationList section */
		C70E89FA2343A94000632217 /* Build configuration list for PBXProject "test" */ = {
			isa = XCConfigurationList;
			buildConfigurations = (
				C70E8A272343A94000632217 /* Debug */,
				C70E8A282343A94000632217 /* Release */,
			);
			defaultConfigurationIsVisible = 0;
			defaultConfigurationName = Release;
		};
		C70E8A292343A94000632217 /* Build configuration list for PBXNativeTarget "test" */ = {
			isa = XCConfigurationList;
			buildConfigurations = (
				C70E8A2A2343A94000632217 /* Debug */,
				C70E8A2B2343A94000632217 /* Release */,
			);
			defaultConfigurationIsVisible = 0;
			defaultConfigurationName = Release;
		};
		C70E8A2C2343A94000632217 /* Build configuration list for PBXNativeTarget "testTests" */ = {
			isa = XCConfigurationList;
			buildConfigurations = (
				C70E8A2D2343A94000632217 /* Debug */,
				C70E8A2E2343A94000632217 /* Release */,
			);
			defaultConfigurationIsVisible = 0;
			defaultConfigurationName = Release;
		};
		C70E8A2F2343A94000632217 /* Build configuration list for PBXNativeTarget "testUITests" */ = {
			isa = XCConfigurationList;
			buildConfigurations = (
				C70E8A302343A94000632217 /* Debug */,
				C70E8A312343A94000632217 /* Release */,
			);
			defaultConfigurationIsVisible = 0;
			defaultConfigurationName = Release;
		};
/* End XCConfigurationList section */
	};
	rootObject = C70E89F72343A94000632217 /* Project object */;
}
